
Microsoft Visual Studio Solution File, Format Version 12.00
# Visual Studio Version 17
VisualStudioVersion = 17.2.32630.192
MinimumVisualStudioVersion = 10.0.40219.1
Project("{FAE04EC0-301F-11D3-BF4B-00C04F79EFBC}") = "WebApplication1", "WebApplication1\WebApplication1.csproj", "{D7DCCFB4-1880-4A92-B2B6-D61E0DB002D5}"
EndProject
Project("{E53339B2-1760-4266-BCC7-CA923CBCF16C}") = "docker-compose", "docker-compose.dcproj", "{34B8D4B6-4447-49DA-9C19-F6F64B64AB62}"
EndProject
Global
	GlobalSection(SolutionConfigurationPlatforms) = preSolution
		Debug|Any CPU = Debug|Any CPU
		Release|Any CPU = Release|Any CPU
	EndGlobalSection
	GlobalSection(ProjectConfigurationPlatforms) = postSolution
		{D7DCCFB4-1880-4A92-B2B6-D61E0DB002D5}.Debug|Any CPU.ActiveCfg = Debug|Any CPU
		{D7DCCFB4-1880-4A92-B2B6-D61E0DB002D5}.Debug|Any CPU.Build.0 = Debug|Any CPU
		{D7DCCFB4-1880-4A92-B2B6-D61E0DB002D5}.Release|Any CPU.ActiveCfg = Release|Any CPU
		{D7DCCFB4-1880-4A92-B2B6-D61E0DB002D5}.Release|Any CPU.Build.0 = Release|Any CPU
		{34B8D4B6-4447-49DA-9C19-F6F64B64AB62}.Debug|Any CPU.ActiveCfg = Debug|Any CPU
		{34B8D4B6-4447-49DA-9C19-F6F64B64AB62}.Debug|Any CPU.Build.0 = Debug|Any CPU
		{34B8D4B6-4447-49DA-9C19-F6F64B64AB62}.Release|Any CPU.ActiveCfg = Release|Any CPU
		{34B8D4B6-4447-49DA-9C19-F6F64B64AB62}.Release|Any CPU.Build.0 = Release|Any CPU
	EndGlobalSection
	GlobalSection(SolutionProperties) = preSolution
		HideSolutionNode = FALSE
	EndGlobalSection
	GlobalSection(ExtensibilityGlobals) = postSolution
		SolutionGuid = {79583352-DF3B-46BD-8FCC-F0E35E0CFA9E}
	EndGlobalSection
EndGlobal
